// !$*UTF8*$!
{
	archiveVersion = 1;
	classes = {
	};
	objectVersion = 50;
	objects = {

/* Begin PBXBuildFile section */
		36138B406C42A48A8EEC70F7 /* Pods_Todo_ListUITests.framework in Frameworks */ = {isa = PBXBuildFile; fileRef = EA040EA4101C200B755B448B /* Pods_Todo_ListUITests.framework */; };
		B36BFB3A5ADA2E6168312E7E /* Pods_Todo_List.framework in Frameworks */ = {isa = PBXBuildFile; fileRef = A959029AF42918C8BF694FA1 /* Pods_Todo_List.framework */; };
		B893D91C213F65B600355A2C /* AppDelegate.swift in Sources */ = {isa = PBXBuildFile; fileRef = B893D91B213F65B600355A2C /* AppDelegate.swift */; };
		B893D921213F65B600355A2C /* Main.storyboard in Resources */ = {isa = PBXBuildFile; fileRef = B893D91F213F65B600355A2C /* Main.storyboard */; };
		B893D923213F65B800355A2C /* Assets.xcassets in Resources */ = {isa = PBXBuildFile; fileRef = B893D922213F65B800355A2C /* Assets.xcassets */; };
		B893D926213F65B800355A2C /* LaunchScreen.storyboard in Resources */ = {isa = PBXBuildFile; fileRef = B893D924213F65B800355A2C /* LaunchScreen.storyboard */; };
		B893D931213F65B800355A2C /* Todo_ListTests.swift in Sources */ = {isa = PBXBuildFile; fileRef = B893D930213F65B800355A2C /* Todo_ListTests.swift */; };
		B893D93C213F65B800355A2C /* Todo_ListUITests.swift in Sources */ = {isa = PBXBuildFile; fileRef = B893D93B213F65B800355A2C /* Todo_ListUITests.swift */; };
		B893D94F213F84F200355A2C /* BaseTask.swift in Sources */ = {isa = PBXBuildFile; fileRef = B893D94E213F84F200355A2C /* BaseTask.swift */; };
		B893D952213F862600355A2C /* NetworkConfig.swift in Sources */ = {isa = PBXBuildFile; fileRef = B893D951213F862600355A2C /* NetworkConfig.swift */; };
		B893D955213F8A6200355A2C /* Constant.swift in Sources */ = {isa = PBXBuildFile; fileRef = B893D954213F8A6200355A2C /* Constant.swift */; };
		B893D957213F8BAD00355A2C /* BasePresenter.swift in Sources */ = {isa = PBXBuildFile; fileRef = B893D956213F8BAD00355A2C /* BasePresenter.swift */; };
		B893D959213F8CA000355A2C /* BaseViewController.swift in Sources */ = {isa = PBXBuildFile; fileRef = B893D958213F8CA000355A2C /* BaseViewController.swift */; };
		B893D95B213F8DA800355A2C /* ItemTodo.swift in Sources */ = {isa = PBXBuildFile; fileRef = B893D95A213F8DA800355A2C /* ItemTodo.swift */; };
		B893D95E213F8DF100355A2C /* LoginViewController.swift in Sources */ = {isa = PBXBuildFile; fileRef = B893D95D213F8DF100355A2C /* LoginViewController.swift */; };
		B893D961213F8F3800355A2C /* StoryBoardHelper.swift in Sources */ = {isa = PBXBuildFile; fileRef = B893D960213F8F3800355A2C /* StoryBoardHelper.swift */; };
		B893D963213F8FB900355A2C /* Login.storyboard in Resources */ = {isa = PBXBuildFile; fileRef = B893D962213F8FB900355A2C /* Login.storyboard */; };
		B893D965213F930000355A2C /* ExtensionView.swift in Sources */ = {isa = PBXBuildFile; fileRef = B893D964213F930000355A2C /* ExtensionView.swift */; };
		B893D967213F94C100355A2C /* ExtensionUILabel.swift in Sources */ = {isa = PBXBuildFile; fileRef = B893D966213F94C100355A2C /* ExtensionUILabel.swift */; };
		B893D969213F953700355A2C /* ExtensionColor.swift in Sources */ = {isa = PBXBuildFile; fileRef = B893D968213F953700355A2C /* ExtensionColor.swift */; };
		B893D96C213FC33700355A2C /* LoginPresenter.swift in Sources */ = {isa = PBXBuildFile; fileRef = B893D96B213FC33700355A2C /* LoginPresenter.swift */; };
		B893D96E213FC3AB00355A2C /* LoginTask.swift in Sources */ = {isa = PBXBuildFile; fileRef = B893D96D213FC3AB00355A2C /* LoginTask.swift */; };
		B893D973213FD5E000355A2C /* TodoTableViewCell.swift in Sources */ = {isa = PBXBuildFile; fileRef = B893D972213FD5E000355A2C /* TodoTableViewCell.swift */; };
		B893D976213FD61A00355A2C /* TodoViewController.swift in Sources */ = {isa = PBXBuildFile; fileRef = B893D975213FD61A00355A2C /* TodoViewController.swift */; };
		B893D979213FD7ED00355A2C /* TodoPresenter.swift in Sources */ = {isa = PBXBuildFile; fileRef = B893D978213FD7ED00355A2C /* TodoPresenter.swift */; };
		B893D97B213FD84A00355A2C /* GetListTodoTask.swift in Sources */ = {isa = PBXBuildFile; fileRef = B893D97A213FD84A00355A2C /* GetListTodoTask.swift */; };
		B893D97D213FDF4400355A2C /* CreateTodoView.swift in Sources */ = {isa = PBXBuildFile; fileRef = B893D97C213FDF4400355A2C /* CreateTodoView.swift */; };
		B893D97F213FDF5000355A2C /* CreateTodoView.xib in Resources */ = {isa = PBXBuildFile; fileRef = B893D97E213FDF5000355A2C /* CreateTodoView.xib */; };
		B893D981213FE4F800355A2C /* CreateTodoTask.swift in Sources */ = {isa = PBXBuildFile; fileRef = B893D980213FE4F800355A2C /* CreateTodoTask.swift */; };
		F3586ABDAB53415477677D9C /* Pods_Todo_ListTests.framework in Frameworks */ = {isa = PBXBuildFile; fileRef = CDAB35141D4FF7AA927C0D0B /* Pods_Todo_ListTests.framework */; };
/* End PBXBuildFile section */

/* Begin PBXContainerItemProxy section */
		B893D92D213F65B800355A2C /* PBXContainerItemProxy */ = {
			isa = PBXContainerItemProxy;
			containerPortal = B893D910213F65B600355A2C /* Project object */;
			proxyType = 1;
			remoteGlobalIDString = B893D917213F65B600355A2C;
			remoteInfo = "Todo List";
		};
		B893D938213F65B800355A2C /* PBXContainerItemProxy */ = {
			isa = PBXContainerItemProxy;
			containerPortal = B893D910213F65B600355A2C /* Project object */;
			proxyType = 1;
			remoteGlobalIDString = B893D917213F65B600355A2C;
			remoteInfo = "Todo List";
		};
/* End PBXContainerItemProxy section */

/* Begin PBXFileReference section */
		24C41E243D5891FEAC5FDB90 /* Pods-Todo ListUITests.debug.xcconfig */ = {isa = PBXFileReference; includeInIndex = 1; lastKnownFileType = text.xcconfig; name = "Pods-Todo ListUITests.debug.xcconfig"; path = "Pods/Target Support Files/Pods-Todo ListUITests/Pods-Todo ListUITests.debug.xcconfig"; sourceTree = "<group>"; };
		7C9278B98C3BF546F40CE59E /* Pods-Todo ListUITests.release.xcconfig */ = {isa = PBXFileReference; includeInIndex = 1; lastKnownFileType = text.xcconfig; name = "Pods-Todo ListUITests.release.xcconfig"; path = "Pods/Target Support Files/Pods-Todo ListUITests/Pods-Todo ListUITests.release.xcconfig"; sourceTree = "<group>"; };
		8610337C113D33A4BAB82096 /* Pods-Todo ListTests.debug.xcconfig */ = {isa = PBXFileReference; includeInIndex = 1; lastKnownFileType = text.xcconfig; name = "Pods-Todo ListTests.debug.xcconfig"; path = "Pods/Target Support Files/Pods-Todo ListTests/Pods-Todo ListTests.debug.xcconfig"; sourceTree = "<group>"; };
		8841290B035CCCE6852F0A2E /* Pods-Todo List.debug.xcconfig */ = {isa = PBXFileReference; includeInIndex = 1; lastKnownFileType = text.xcconfig; name = "Pods-Todo List.debug.xcconfig"; path = "Pods/Target Support Files/Pods-Todo List/Pods-Todo List.debug.xcconfig"; sourceTree = "<group>"; };
		A959029AF42918C8BF694FA1 /* Pods_Todo_List.framework */ = {isa = PBXFileReference; explicitFileType = wrapper.framework; includeInIndex = 0; path = Pods_Todo_List.framework; sourceTree = BUILT_PRODUCTS_DIR; };
		B893D918213F65B600355A2C /* Todo List.app */ = {isa = PBXFileReference; explicitFileType = wrapper.application; includeInIndex = 0; path = "Todo List.app"; sourceTree = BUILT_PRODUCTS_DIR; };
		B893D91B213F65B600355A2C /* AppDelegate.swift */ = {isa = PBXFileReference; lastKnownFileType = sourcecode.swift; path = AppDelegate.swift; sourceTree = "<group>"; };
		B893D920213F65B600355A2C /* Base */ = {isa = PBXFileReference; lastKnownFileType = file.storyboard; name = Base; path = Base.lproj/Main.storyboard; sourceTree = "<group>"; };
		B893D922213F65B800355A2C /* Assets.xcassets */ = {isa = PBXFileReference; lastKnownFileType = folder.assetcatalog; path = Assets.xcassets; sourceTree = "<group>"; };
		B893D925213F65B800355A2C /* Base */ = {isa = PBXFileReference; lastKnownFileType = file.storyboard; name = Base; path = Base.lproj/LaunchScreen.storyboard; sourceTree = "<group>"; };
		B893D927213F65B800355A2C /* Info.plist */ = {isa = PBXFileReference; lastKnownFileType = text.plist.xml; path = Info.plist; sourceTree = "<group>"; };
		B893D92C213F65B800355A2C /* Todo ListTests.xctest */ = {isa = PBXFileReference; explicitFileType = wrapper.cfbundle; includeInIndex = 0; path = "Todo ListTests.xctest"; sourceTree = BUILT_PRODUCTS_DIR; };
		B893D930213F65B800355A2C /* Todo_ListTests.swift */ = {isa = PBXFileReference; lastKnownFileType = sourcecode.swift; path = Todo_ListTests.swift; sourceTree = "<group>"; };
		B893D932213F65B800355A2C /* Info.plist */ = {isa = PBXFileReference; lastKnownFileType = text.plist.xml; path = Info.plist; sourceTree = "<group>"; };
		B893D937213F65B800355A2C /* Todo ListUITests.xctest */ = {isa = PBXFileReference; explicitFileType = wrapper.cfbundle; includeInIndex = 0; path = "Todo ListUITests.xctest"; sourceTree = BUILT_PRODUCTS_DIR; };
		B893D93B213F65B800355A2C /* Todo_ListUITests.swift */ = {isa = PBXFileReference; lastKnownFileType = sourcecode.swift; path = Todo_ListUITests.swift; sourceTree = "<group>"; };
		B893D93D213F65B800355A2C /* Info.plist */ = {isa = PBXFileReference; lastKnownFileType = text.plist.xml; path = Info.plist; sourceTree = "<group>"; };
		B893D94E213F84F200355A2C /* BaseTask.swift */ = {isa = PBXFileReference; lastKnownFileType = sourcecode.swift; path = BaseTask.swift; sourceTree = "<group>"; };
		B893D951213F862600355A2C /* NetworkConfig.swift */ = {isa = PBXFileReference; lastKnownFileType = sourcecode.swift; path = NetworkConfig.swift; sourceTree = "<group>"; };
		B893D954213F8A6200355A2C /* Constant.swift */ = {isa = PBXFileReference; lastKnownFileType = sourcecode.swift; path = Constant.swift; sourceTree = "<group>"; };
		B893D956213F8BAD00355A2C /* BasePresenter.swift */ = {isa = PBXFileReference; lastKnownFileType = sourcecode.swift; path = BasePresenter.swift; sourceTree = "<group>"; };
		B893D958213F8CA000355A2C /* BaseViewController.swift */ = {isa = PBXFileReference; lastKnownFileType = sourcecode.swift; path = BaseViewController.swift; sourceTree = "<group>"; };
		B893D95A213F8DA800355A2C /* ItemTodo.swift */ = {isa = PBXFileReference; lastKnownFileType = sourcecode.swift; path = ItemTodo.swift; sourceTree = "<group>"; };
		B893D95D213F8DF100355A2C /* LoginViewController.swift */ = {isa = PBXFileReference; lastKnownFileType = sourcecode.swift; path = LoginViewController.swift; sourceTree = "<group>"; };
		B893D960213F8F3800355A2C /* StoryBoardHelper.swift */ = {isa = PBXFileReference; lastKnownFileType = sourcecode.swift; path = StoryBoardHelper.swift; sourceTree = "<group>"; };
		B893D962213F8FB900355A2C /* Login.storyboard */ = {isa = PBXFileReference; lastKnownFileType = file.storyboard; path = Login.storyboard; sourceTree = "<group>"; };
		B893D964213F930000355A2C /* ExtensionView.swift */ = {isa = PBXFileReference; lastKnownFileType = sourcecode.swift; path = ExtensionView.swift; sourceTree = "<group>"; };
		B893D966213F94C100355A2C /* ExtensionUILabel.swift */ = {isa = PBXFileReference; lastKnownFileType = sourcecode.swift; path = ExtensionUILabel.swift; sourceTree = "<group>"; };
		B893D968213F953700355A2C /* ExtensionColor.swift */ = {isa = PBXFileReference; lastKnownFileType = sourcecode.swift; path = ExtensionColor.swift; sourceTree = "<group>"; };
		B893D96B213FC33700355A2C /* LoginPresenter.swift */ = {isa = PBXFileReference; lastKnownFileType = sourcecode.swift; path = LoginPresenter.swift; sourceTree = "<group>"; };
		B893D96D213FC3AB00355A2C /* LoginTask.swift */ = {isa = PBXFileReference; lastKnownFileType = sourcecode.swift; path = LoginTask.swift; sourceTree = "<group>"; };
		B893D972213FD5E000355A2C /* TodoTableViewCell.swift */ = {isa = PBXFileReference; lastKnownFileType = sourcecode.swift; path = TodoTableViewCell.swift; sourceTree = "<group>"; };
		B893D975213FD61A00355A2C /* TodoViewController.swift */ = {isa = PBXFileReference; lastKnownFileType = sourcecode.swift; path = TodoViewController.swift; sourceTree = "<group>"; };
		B893D978213FD7ED00355A2C /* TodoPresenter.swift */ = {isa = PBXFileReference; lastKnownFileType = sourcecode.swift; path = TodoPresenter.swift; sourceTree = "<group>"; };
		B893D97A213FD84A00355A2C /* GetListTodoTask.swift */ = {isa = PBXFileReference; lastKnownFileType = sourcecode.swift; path = GetListTodoTask.swift; sourceTree = "<group>"; };
		B893D97C213FDF4400355A2C /* CreateTodoView.swift */ = {isa = PBXFileReference; lastKnownFileType = sourcecode.swift; path = CreateTodoView.swift; sourceTree = "<group>"; };
		B893D97E213FDF5000355A2C /* CreateTodoView.xib */ = {isa = PBXFileReference; lastKnownFileType = file.xib; path = CreateTodoView.xib; sourceTree = "<group>"; };
		B893D980213FE4F800355A2C /* CreateTodoTask.swift */ = {isa = PBXFileReference; lastKnownFileType = sourcecode.swift; path = CreateTodoTask.swift; sourceTree = "<group>"; };
		CDAB35141D4FF7AA927C0D0B /* Pods_Todo_ListTests.framework */ = {isa = PBXFileReference; explicitFileType = wrapper.framework; includeInIndex = 0; path = Pods_Todo_ListTests.framework; sourceTree = BUILT_PRODUCTS_DIR; };
		D46C78873FB682FDF346E97A /* Pods-Todo List.release.xcconfig */ = {isa = PBXFileReference; includeInIndex = 1; lastKnownFileType = text.xcconfig; name = "Pods-Todo List.release.xcconfig"; path = "Pods/Target Support Files/Pods-Todo List/Pods-Todo List.release.xcconfig"; sourceTree = "<group>"; };
		E1E56470B2FC7263ABF4FA74 /* Pods-Todo ListTests.release.xcconfig */ = {isa = PBXFileReference; includeInIndex = 1; lastKnownFileType = text.xcconfig; name = "Pods-Todo ListTests.release.xcconfig"; path = "Pods/Target Support Files/Pods-Todo ListTests/Pods-Todo ListTests.release.xcconfig"; sourceTree = "<group>"; };
		EA040EA4101C200B755B448B /* Pods_Todo_ListUITests.framework */ = {isa = PBXFileReference; explicitFileType = wrapper.framework; includeInIndex = 0; path = Pods_Todo_ListUITests.framework; sourceTree = BUILT_PRODUCTS_DIR; };
/* End PBXFileReference section */

/* Begin PBXFrameworksBuildPhase section */
		B893D915213F65B600355A2C /* Frameworks */ = {
			isa = PBXFrameworksBuildPhase;
			buildActionMask = 2147483647;
			files = (
				B36BFB3A5ADA2E6168312E7E /* Pods_Todo_List.framework in Frameworks */,
			);
			runOnlyForDeploymentPostprocessing = 0;
		};
		B893D929213F65B800355A2C /* Frameworks */ = {
			isa = PBXFrameworksBuildPhase;
			buildActionMask = 2147483647;
			files = (
				F3586ABDAB53415477677D9C /* Pods_Todo_ListTests.framework in Frameworks */,
			);
			runOnlyForDeploymentPostprocessing = 0;
		};
		B893D934213F65B800355A2C /* Frameworks */ = {
			isa = PBXFrameworksBuildPhase;
			buildActionMask = 2147483647;
			files = (
				36138B406C42A48A8EEC70F7 /* Pods_Todo_ListUITests.framework in Frameworks */,
			);
			runOnlyForDeploymentPostprocessing = 0;
		};
/* End PBXFrameworksBuildPhase section */

/* Begin PBXGroup section */
		40EA33CCD4E0B0ED7AF0BBFC /* Pods */ = {
			isa = PBXGroup;
			children = (
				8841290B035CCCE6852F0A2E /* Pods-Todo List.debug.xcconfig */,
				D46C78873FB682FDF346E97A /* Pods-Todo List.release.xcconfig */,
				8610337C113D33A4BAB82096 /* Pods-Todo ListTests.debug.xcconfig */,
				E1E56470B2FC7263ABF4FA74 /* Pods-Todo ListTests.release.xcconfig */,
				24C41E243D5891FEAC5FDB90 /* Pods-Todo ListUITests.debug.xcconfig */,
				7C9278B98C3BF546F40CE59E /* Pods-Todo ListUITests.release.xcconfig */,
			);
			name = Pods;
			sourceTree = "<group>";
		};
		6905F9FE5F23615FEA543B5F /* Frameworks */ = {
			isa = PBXGroup;
			children = (
				A959029AF42918C8BF694FA1 /* Pods_Todo_List.framework */,
				CDAB35141D4FF7AA927C0D0B /* Pods_Todo_ListTests.framework */,
				EA040EA4101C200B755B448B /* Pods_Todo_ListUITests.framework */,
			);
			name = Frameworks;
			sourceTree = "<group>";
		};
		B893D90F213F65B600355A2C = {
			isa = PBXGroup;
			children = (
				B893D91A213F65B600355A2C /* Todo List */,
				B893D92F213F65B800355A2C /* Todo ListTests */,
				B893D93A213F65B800355A2C /* Todo ListUITests */,
				B893D919213F65B600355A2C /* Products */,
				40EA33CCD4E0B0ED7AF0BBFC /* Pods */,
				6905F9FE5F23615FEA543B5F /* Frameworks */,
			);
			sourceTree = "<group>";
		};
		B893D919213F65B600355A2C /* Products */ = {
			isa = PBXGroup;
			children = (
				B893D918213F65B600355A2C /* Todo List.app */,
				B893D92C213F65B800355A2C /* Todo ListTests.xctest */,
				B893D937213F65B800355A2C /* Todo ListUITests.xctest */,
			);
			name = Products;
			sourceTree = "<group>";
		};
		B893D91A213F65B600355A2C /* Todo List */ = {
			isa = PBXGroup;
			children = (
				B893D970213FD5C000355A2C /* View */,
				B893D953213F8A4E00355A2C /* Utils */,
				B893D94D213F84B600355A2C /* Network */,
				B893D94C213F84B100355A2C /* Model */,
				B893D94B213F84A600355A2C /* ViewController */,
				B893D94A213F849F00355A2C /* Presenter */,
				B893D949213F849200355A2C /* Storyboard */,
				B893D91B213F65B600355A2C /* AppDelegate.swift */,
				B893D922213F65B800355A2C /* Assets.xcassets */,
				B893D924213F65B800355A2C /* LaunchScreen.storyboard */,
				B893D927213F65B800355A2C /* Info.plist */,
			);
			path = "Todo List";
			sourceTree = "<group>";
		};
		B893D92F213F65B800355A2C /* Todo ListTests */ = {
			isa = PBXGroup;
			children = (
				B893D930213F65B800355A2C /* Todo_ListTests.swift */,
				B893D932213F65B800355A2C /* Info.plist */,
			);
			path = "Todo ListTests";
			sourceTree = "<group>";
		};
		B893D93A213F65B800355A2C /* Todo ListUITests */ = {
			isa = PBXGroup;
			children = (
				B893D93B213F65B800355A2C /* Todo_ListUITests.swift */,
				B893D93D213F65B800355A2C /* Info.plist */,
			);
			path = "Todo ListUITests";
			sourceTree = "<group>";
		};
		B893D949213F849200355A2C /* Storyboard */ = {
			isa = PBXGroup;
			children = (
				B893D95F213F8F2200355A2C /* Helper */,
				B893D91F213F65B600355A2C /* Main.storyboard */,
				B893D962213F8FB900355A2C /* Login.storyboard */,
				B893D97E213FDF5000355A2C /* CreateTodoView.xib */,
			);
			path = Storyboard;
			sourceTree = "<group>";
		};
		B893D94A213F849F00355A2C /* Presenter */ = {
			isa = PBXGroup;
			children = (
				B893D977213FD7DB00355A2C /* ListTodo */,
				B893D96A213FC32100355A2C /* Login */,
				B893D956213F8BAD00355A2C /* BasePresenter.swift */,
			);
			path = Presenter;
			sourceTree = "<group>";
		};
		B893D94B213F84A600355A2C /* ViewController */ = {
			isa = PBXGroup;
			children = (
				B893D974213FD60B00355A2C /* ListTodo */,
				B893D95C213F8DDC00355A2C /* Login */,
				B893D958213F8CA000355A2C /* BaseViewController.swift */,
			);
			path = ViewController;
			sourceTree = "<group>";
		};
		B893D94C213F84B100355A2C /* Model */ = {
			isa = PBXGroup;
			children = (
				B893D95A213F8DA800355A2C /* ItemTodo.swift */,
			);
			path = Model;
			sourceTree = "<group>";
		};
		B893D94D213F84B600355A2C /* Network */ = {
			isa = PBXGroup;
			children = (
				B893D950213F861B00355A2C /* Helper */,
				B893D94E213F84F200355A2C /* BaseTask.swift */,
				B893D96D213FC3AB00355A2C /* LoginTask.swift */,
				B893D97A213FD84A00355A2C /* GetListTodoTask.swift */,
				B893D980213FE4F800355A2C /* CreateTodoTask.swift */,
			);
			path = Network;
			sourceTree = "<group>";
		};
		B893D950213F861B00355A2C /* Helper */ = {
			isa = PBXGroup;
			children = (
				B893D951213F862600355A2C /* NetworkConfig.swift */,
			);
			path = Helper;
			sourceTree = "<group>";
		};
		B893D953213F8A4E00355A2C /* Utils */ = {
			isa = PBXGroup;
			children = (
				B893D954213F8A6200355A2C /* Constant.swift */,
				B893D964213F930000355A2C /* ExtensionView.swift */,
				B893D966213F94C100355A2C /* ExtensionUILabel.swift */,
				B893D968213F953700355A2C /* ExtensionColor.swift */,
			);
			path = Utils;
			sourceTree = "<group>";
		};
		B893D95C213F8DDC00355A2C /* Login */ = {
			isa = PBXGroup;
			children = (
				B893D95D213F8DF100355A2C /* LoginViewController.swift */,
			);
			path = Login;
			sourceTree = "<group>";
		};
		B893D95F213F8F2200355A2C /* Helper */ = {
			isa = PBXGroup;
			children = (
				B893D960213F8F3800355A2C /* StoryBoardHelper.swift */,
			);
			path = Helper;
			sourceTree = "<group>";
		};
		B893D96A213FC32100355A2C /* Login */ = {
			isa = PBXGroup;
			children = (
				B893D96B213FC33700355A2C /* LoginPresenter.swift */,
			);
			path = Login;
			sourceTree = "<group>";
		};
		B893D970213FD5C000355A2C /* View */ = {
			isa = PBXGroup;
			children = (
				B893D971213FD5C600355A2C /* ListTodo */,
			);
			path = View;
			sourceTree = "<group>";
		};
		B893D971213FD5C600355A2C /* ListTodo */ = {
			isa = PBXGroup;
			children = (
				B893D972213FD5E000355A2C /* TodoTableViewCell.swift */,
				B893D97C213FDF4400355A2C /* CreateTodoView.swift */,
			);
			path = ListTodo;
			sourceTree = "<group>";
		};
		B893D974213FD60B00355A2C /* ListTodo */ = {
			isa = PBXGroup;
			children = (
				B893D975213FD61A00355A2C /* TodoViewController.swift */,
			);
			path = ListTodo;
			sourceTree = "<group>";
		};
		B893D977213FD7DB00355A2C /* ListTodo */ = {
			isa = PBXGroup;
			children = (
				B893D978213FD7ED00355A2C /* TodoPresenter.swift */,
			);
			path = ListTodo;
			sourceTree = "<group>";
		};
/* End PBXGroup section */

/* Begin PBXNativeTarget section */
		B893D917213F65B600355A2C /* Todo List */ = {
			isa = PBXNativeTarget;
			buildConfigurationList = B893D940213F65B800355A2C /* Build configuration list for PBXNativeTarget "Todo List" */;
			buildPhases = (
				042412F27F8B381AA5737310 /* [CP] Check Pods Manifest.lock */,
				B893D914213F65B600355A2C /* Sources */,
				B893D915213F65B600355A2C /* Frameworks */,
				B893D916213F65B600355A2C /* Resources */,
				F474997CC3F56E6F3EC1732B /* [CP] Embed Pods Frameworks */,
			);
			buildRules = (
			);
			dependencies = (
			);
			name = "Todo List";
			productName = "Todo List";
			productReference = B893D918213F65B600355A2C /* Todo List.app */;
			productType = "com.apple.product-type.application";
		};
		B893D92B213F65B800355A2C /* Todo ListTests */ = {
			isa = PBXNativeTarget;
			buildConfigurationList = B893D943213F65B800355A2C /* Build configuration list for PBXNativeTarget "Todo ListTests" */;
			buildPhases = (
				B4CE6A1C4A0EF306923C7DBD /* [CP] Check Pods Manifest.lock */,
				B893D928213F65B800355A2C /* Sources */,
				B893D929213F65B800355A2C /* Frameworks */,
				B893D92A213F65B800355A2C /* Resources */,
			);
			buildRules = (
			);
			dependencies = (
				B893D92E213F65B800355A2C /* PBXTargetDependency */,
			);
			name = "Todo ListTests";
			productName = "Todo ListTests";
			productReference = B893D92C213F65B800355A2C /* Todo ListTests.xctest */;
			productType = "com.apple.product-type.bundle.unit-test";
		};
		B893D936213F65B800355A2C /* Todo ListUITests */ = {
			isa = PBXNativeTarget;
			buildConfigurationList = B893D946213F65B800355A2C /* Build configuration list for PBXNativeTarget "Todo ListUITests" */;
			buildPhases = (
				74CEE70CC43890183D6C0210 /* [CP] Check Pods Manifest.lock */,
				B893D933213F65B800355A2C /* Sources */,
				B893D934213F65B800355A2C /* Frameworks */,
				B893D935213F65B800355A2C /* Resources */,
			);
			buildRules = (
			);
			dependencies = (
				B893D939213F65B800355A2C /* PBXTargetDependency */,
			);
			name = "Todo ListUITests";
			productName = "Todo ListUITests";
			productReference = B893D937213F65B800355A2C /* Todo ListUITests.xctest */;
			productType = "com.apple.product-type.bundle.ui-testing";
		};
/* End PBXNativeTarget section */

/* Begin PBXProject section */
		B893D910213F65B600355A2C /* Project object */ = {
			isa = PBXProject;
			attributes = {
				LastSwiftUpdateCheck = 0940;
				LastUpgradeCheck = 0940;
				ORGANIZATIONNAME = "Dat Nguyen";
				TargetAttributes = {
					B893D917213F65B600355A2C = {
						CreatedOnToolsVersion = 9.4.1;
					};
					B893D92B213F65B800355A2C = {
						CreatedOnToolsVersion = 9.4.1;
						TestTargetID = B893D917213F65B600355A2C;
					};
					B893D936213F65B800355A2C = {
						CreatedOnToolsVersion = 9.4.1;
						TestTargetID = B893D917213F65B600355A2C;
					};
				};
			};
			buildConfigurationList = B893D913213F65B600355A2C /* Build configuration list for PBXProject "Todo List" */;
			compatibilityVersion = "Xcode 9.3";
			developmentRegion = en;
			hasScannedForEncodings = 0;
			knownRegions = (
				en,
				Base,
			);
			mainGroup = B893D90F213F65B600355A2C;
			productRefGroup = B893D919213F65B600355A2C /* Products */;
			projectDirPath = "";
			projectRoot = "";
			targets = (
				B893D917213F65B600355A2C /* Todo List */,
				B893D92B213F65B800355A2C /* Todo ListTests */,
				B893D936213F65B800355A2C /* Todo ListUITests */,
			);
		};
/* End PBXProject section */

/* Begin PBXResourcesBuildPhase section */
		B893D916213F65B600355A2C /* Resources */ = {
			isa = PBXResourcesBuildPhase;
			buildActionMask = 2147483647;
			files = (
				B893D963213F8FB900355A2C /* Login.storyboard in Resources */,
				B893D926213F65B800355A2C /* LaunchScreen.storyboard in Resources */,
				B893D923213F65B800355A2C /* Assets.xcassets in Resources */,
				B893D97F213FDF5000355A2C /* CreateTodoView.xib in Resources */,
				B893D921213F65B600355A2C /* Main.storyboard in Resources */,
			);
			runOnlyForDeploymentPostprocessing = 0;
		};
		B893D92A213F65B800355A2C /* Resources */ = {
			isa = PBXResourcesBuildPhase;
			buildActionMask = 2147483647;
			files = (
			);
			runOnlyForDeploymentPostprocessing = 0;
		};
		B893D935213F65B800355A2C /* Resources */ = {
			isa = PBXResourcesBuildPhase;
			buildActionMask = 2147483647;
			files = (
			);
			runOnlyForDeploymentPostprocessing = 0;
		};
/* End PBXResourcesBuildPhase section */

/* Begin PBXShellScriptBuildPhase section */
		042412F27F8B381AA5737310 /* [CP] Check Pods Manifest.lock */ = {
			isa = PBXShellScriptBuildPhase;
			buildActionMask = 2147483647;
			files = (
			);
			inputPaths = (
				"${PODS_PODFILE_DIR_PATH}/Podfile.lock",
				"${PODS_ROOT}/Manifest.lock",
			);
			name = "[CP] Check Pods Manifest.lock";
			outputPaths = (
				"$(DERIVED_FILE_DIR)/Pods-Todo List-checkManifestLockResult.txt",
			);
			runOnlyForDeploymentPostprocessing = 0;
			shellPath = /bin/sh;
			shellScript = "diff \"${PODS_PODFILE_DIR_PATH}/Podfile.lock\" \"${PODS_ROOT}/Manifest.lock\" > /dev/null\nif [ $? != 0 ] ; then\n    # print error to STDERR\n    echo \"error: The sandbox is not in sync with the Podfile.lock. Run 'pod install' or update your CocoaPods installation.\" >&2\n    exit 1\nfi\n# This output is used by Xcode 'outputs' to avoid re-running this script phase.\necho \"SUCCESS\" > \"${SCRIPT_OUTPUT_FILE_0}\"\n";
			showEnvVarsInLog = 0;
		};
		74CEE70CC43890183D6C0210 /* [CP] Check Pods Manifest.lock */ = {
			isa = PBXShellScriptBuildPhase;
			buildActionMask = 2147483647;
			files = (
			);
			inputPaths = (
				"${PODS_PODFILE_DIR_PATH}/Podfile.lock",
				"${PODS_ROOT}/Manifest.lock",
			);
			name = "[CP] Check Pods Manifest.lock";
			outputPaths = (
				"$(DERIVED_FILE_DIR)/Pods-Todo ListUITests-checkManifestLockResult.txt",
			);
			runOnlyForDeploymentPostprocessing = 0;
			shellPath = /bin/sh;
			shellScript = "diff \"${PODS_PODFILE_DIR_PATH}/Podfile.lock\" \"${PODS_ROOT}/Manifest.lock\" > /dev/null\nif [ $? != 0 ] ; then\n    # print error to STDERR\n    echo \"error: The sandbox is not in sync with the Podfile.lock. Run 'pod install' or update your CocoaPods installation.\" >&2\n    exit 1\nfi\n# This output is used by Xcode 'outputs' to avoid re-running this script phase.\necho \"SUCCESS\" > \"${SCRIPT_OUTPUT_FILE_0}\"\n";
			showEnvVarsInLog = 0;
		};
		B4CE6A1C4A0EF306923C7DBD /* [CP] Check Pods Manifest.lock */ = {
			isa = PBXShellScriptBuildPhase;
			buildActionMask = 2147483647;
			files = (
			);
			inputPaths = (
				"${PODS_PODFILE_DIR_PATH}/Podfile.lock",
				"${PODS_ROOT}/Manifest.lock",
			);
			name = "[CP] Check Pods Manifest.lock";
			outputPaths = (
				"$(DERIVED_FILE_DIR)/Pods-Todo ListTests-checkManifestLockResult.txt",
			);
			runOnlyForDeploymentPostprocessing = 0;
			shellPath = /bin/sh;
			shellScript = "diff \"${PODS_PODFILE_DIR_PATH}/Podfile.lock\" \"${PODS_ROOT}/Manifest.lock\" > /dev/null\nif [ $? != 0 ] ; then\n    # print error to STDERR\n    echo \"error: The sandbox is not in sync with the Podfile.lock. Run 'pod install' or update your CocoaPods installation.\" >&2\n    exit 1\nfi\n# This output is used by Xcode 'outputs' to avoid re-running this script phase.\necho \"SUCCESS\" > \"${SCRIPT_OUTPUT_FILE_0}\"\n";
			showEnvVarsInLog = 0;
		};
		F474997CC3F56E6F3EC1732B /* [CP] Embed Pods Frameworks */ = {
			isa = PBXShellScriptBuildPhase;
			buildActionMask = 2147483647;
			files = (
			);
			inputPaths = (
				"${SRCROOT}/Pods/Target Support Files/Pods-Todo List/Pods-Todo List-frameworks.sh",
				"${BUILT_PRODUCTS_DIR}/Alamofire/Alamofire.framework",
				"${BUILT_PRODUCTS_DIR}/ESPullToRefresh/ESPullToRefresh.framework",
				"${BUILT_PRODUCTS_DIR}/IQKeyboardManagerSwift/IQKeyboardManagerSwift.framework",
				"${BUILT_PRODUCTS_DIR}/JGProgressHUD/JGProgressHUD.framework",
				"${BUILT_PRODUCTS_DIR}/SnapKit/SnapKit.framework",
				"${BUILT_PRODUCTS_DIR}/SwiftyJSON/SwiftyJSON.framework",
				"${BUILT_PRODUCTS_DIR}/Toast-Swift/Toast_Swift.framework",
			);
			name = "[CP] Embed Pods Frameworks";
			outputPaths = (
				"${TARGET_BUILD_DIR}/${FRAMEWORKS_FOLDER_PATH}/Alamofire.framework",
				"${TARGET_BUILD_DIR}/${FRAMEWORKS_FOLDER_PATH}/ESPullToRefresh.framework",
				"${TARGET_BUILD_DIR}/${FRAMEWORKS_FOLDER_PATH}/IQKeyboardManagerSwift.framework",
				"${TARGET_BUILD_DIR}/${FRAMEWORKS_FOLDER_PATH}/JGProgressHUD.framework",
				"${TARGET_BUILD_DIR}/${FRAMEWORKS_FOLDER_PATH}/SnapKit.framework",
				"${TARGET_BUILD_DIR}/${FRAMEWORKS_FOLDER_PATH}/SwiftyJSON.framework",
				"${TARGET_BUILD_DIR}/${FRAMEWORKS_FOLDER_PATH}/Toast_Swift.framework",
			);
			runOnlyForDeploymentPostprocessing = 0;
			shellPath = /bin/sh;
			shellScript = "\"${SRCROOT}/Pods/Target Support Files/Pods-Todo List/Pods-Todo List-frameworks.sh\"\n";
			showEnvVarsInLog = 0;
		};
/* End PBXShellScriptBuildPhase section */

/* Begin PBXSourcesBuildPhase section */
		B893D914213F65B600355A2C /* Sources */ = {
			isa = PBXSourcesBuildPhase;
			buildActionMask = 2147483647;
			files = (
				B893D95E213F8DF100355A2C /* LoginViewController.swift in Sources */,
				B893D94F213F84F200355A2C /* BaseTask.swift in Sources */,
				B893D961213F8F3800355A2C /* StoryBoardHelper.swift in Sources */,
				B893D97B213FD84A00355A2C /* GetListTodoTask.swift in Sources */,
				B893D979213FD7ED00355A2C /* TodoPresenter.swift in Sources */,
				B893D973213FD5E000355A2C /* TodoTableViewCell.swift in Sources */,
				B893D957213F8BAD00355A2C /* BasePresenter.swift in Sources */,
				B893D955213F8A6200355A2C /* Constant.swift in Sources */,
				B893D969213F953700355A2C /* ExtensionColor.swift in Sources */,
				B893D952213F862600355A2C /* NetworkConfig.swift in Sources */,
				B893D976213FD61A00355A2C /* TodoViewController.swift in Sources */,
				B893D965213F930000355A2C /* ExtensionView.swift in Sources */,
				B893D96E213FC3AB00355A2C /* LoginTask.swift in Sources */,
				B893D96C213FC33700355A2C /* LoginPresenter.swift in Sources */,
				B893D967213F94C100355A2C /* ExtensionUILabel.swift in Sources */,
				B893D959213F8CA000355A2C /* BaseViewController.swift in Sources */,
				B893D981213FE4F800355A2C /* CreateTodoTask.swift in Sources */,
				B893D95B213F8DA800355A2C /* ItemTodo.swift in Sources */,
				B893D97D213FDF4400355A2C /* CreateTodoView.swift in Sources */,
				B893D91C213F65B600355A2C /* AppDelegate.swift in Sources */,
			);
			runOnlyForDeploymentPostprocessing = 0;
		};
		B893D928213F65B800355A2C /* Sources */ = {
			isa = PBXSourcesBuildPhase;
			buildActionMask = 2147483647;
			files = (
				B893D931213F65B800355A2C /* Todo_ListTests.swift in Sources */,
			);
			runOnlyForDeploymentPostprocessing = 0;
		};
		B893D933213F65B800355A2C /* Sources */ = {
			isa = PBXSourcesBuildPhase;
			buildActionMask = 2147483647;
			files = (
				B893D93C213F65B800355A2C /* Todo_ListUITests.swift in Sources */,
			);
			runOnlyForDeploymentPostprocessing = 0;
		};
/* End PBXSourcesBuildPhase section */

/* Begin PBXTargetDependency section */
		B893D92E213F65B800355A2C /* PBXTargetDependency */ = {
			isa = PBXTargetDependency;
			target = B893D917213F65B600355A2C /* Todo List */;
			targetProxy = B893D92D213F65B800355A2C /* PBXContainerItemProxy */;
		};
		B893D939213F65B800355A2C /* PBXTargetDependency */ = {
			isa = PBXTargetDependency;
			target = B893D917213F65B600355A2C /* Todo List */;
			targetProxy = B893D938213F65B800355A2C /* PBXContainerItemProxy */;
		};
/* End PBXTargetDependency section */

/* Begin PBXVariantGroup section */
		B893D91F213F65B600355A2C /* Main.storyboard */ = {
			isa = PBXVariantGroup;
			children = (
				B893D920213F65B600355A2C /* Base */,
			);
			name = Main.storyboard;
			sourceTree = "<group>";
		};
		B893D924213F65B800355A2C /* LaunchScreen.storyboard */ = {
			isa = PBXVariantGroup;
			children = (
				B893D925213F65B800355A2C /* Base */,
			);
			name = LaunchScreen.storyboard;
			sourceTree = "<group>";
		};
/* End PBXVariantGroup section */

/* Begin XCBuildConfiguration section */
		B893D93E213F65B800355A2C /* Debug */ = {
			isa = XCBuildConfiguration;
			buildSettings = {
				ALWAYS_SEARCH_USER_PATHS = NO;
				CLANG_ANALYZER_NONNULL = YES;
				CLANG_ANALYZER_NUMBER_OBJECT_CONVERSION = YES_AGGRESSIVE;
				CLANG_CXX_LANGUAGE_STANDARD = "gnu++14";
				CLANG_CXX_LIBRARY = "libc++";
				CLANG_ENABLE_MODULES = YES;
				CLANG_ENABLE_OBJC_ARC = YES;
				CLANG_ENABLE_OBJC_WEAK = YES;
				CLANG_WARN_BLOCK_CAPTURE_AUTORELEASING = YES;
				CLANG_WARN_BOOL_CONVERSION = YES;
				CLANG_WARN_COMMA = YES;
				CLANG_WARN_CONSTANT_CONVERSION = YES;
				CLANG_WARN_DEPRECATED_OBJC_IMPLEMENTATIONS = YES;
				CLANG_WARN_DIRECT_OBJC_ISA_USAGE = YES_ERROR;
				CLANG_WARN_DOCUMENTATION_COMMENTS = YES;
				CLANG_WARN_EMPTY_BODY = YES;
				CLANG_WARN_ENUM_CONVERSION = YES;
				CLANG_WARN_INFINITE_RECURSION = YES;
				CLANG_WARN_INT_CONVERSION = YES;
				CLANG_WARN_NON_LITERAL_NULL_CONVERSION = YES;
				CLANG_WARN_OBJC_IMPLICIT_RETAIN_SELF = YES;
				CLANG_WARN_OBJC_LITERAL_CONVERSION = YES;
				CLANG_WARN_OBJC_ROOT_CLASS = YES_ERROR;
				CLANG_WARN_RANGE_LOOP_ANALYSIS = YES;
				CLANG_WARN_STRICT_PROTOTYPES = YES;
				CLANG_WARN_SUSPICIOUS_MOVE = YES;
				CLANG_WARN_UNGUARDED_AVAILABILITY = YES_AGGRESSIVE;
				CLANG_WARN_UNREACHABLE_CODE = YES;
				CLANG_WARN__DUPLICATE_METHOD_MATCH = YES;
				CODE_SIGN_IDENTITY = "iPhone Developer";
				COPY_PHASE_STRIP = NO;
				DEBUG_INFORMATION_FORMAT = dwarf;
				ENABLE_STRICT_OBJC_MSGSEND = YES;
				ENABLE_TESTABILITY = YES;
				GCC_C_LANGUAGE_STANDARD = gnu11;
				GCC_DYNAMIC_NO_PIC = NO;
				GCC_NO_COMMON_BLOCKS = YES;
				GCC_OPTIMIZATION_LEVEL = 0;
				GCC_PREPROCESSOR_DEFINITIONS = (
					"DEBUG=1",
					"$(inherited)",
				);
				GCC_WARN_64_TO_32_BIT_CONVERSION = YES;
				GCC_WARN_ABOUT_RETURN_TYPE = YES_ERROR;
				GCC_WARN_UNDECLARED_SELECTOR = YES;
				GCC_WARN_UNINITIALIZED_AUTOS = YES_AGGRESSIVE;
				GCC_WARN_UNUSED_FUNCTION = YES;
				GCC_WARN_UNUSED_VARIABLE = YES;
				IPHONEOS_DEPLOYMENT_TARGET = 11.4;
				MTL_ENABLE_DEBUG_INFO = YES;
				ONLY_ACTIVE_ARCH = YES;
				SDKROOT = iphoneos;
				SWIFT_ACTIVE_COMPILATION_CONDITIONS = DEBUG;
				SWIFT_OPTIMIZATION_LEVEL = "-Onone";
			};
			name = Debug;
		};
		B893D93F213F65B800355A2C /* Release */ = {
			isa = XCBuildConfiguration;
			buildSettings = {
				ALWAYS_SEARCH_USER_PATHS = NO;
				CLANG_ANALYZER_NONNULL = YES;
				CLANG_ANALYZER_NUMBER_OBJECT_CONVERSION = YES_AGGRESSIVE;
				CLANG_CXX_LANGUAGE_STANDARD = "gnu++14";
				CLANG_CXX_LIBRARY = "libc++";
				CLANG_ENABLE_MODULES = YES;
				CLANG_ENABLE_OBJC_ARC = YES;
				CLANG_ENABLE_OBJC_WEAK = YES;
				CLANG_WARN_BLOCK_CAPTURE_AUTORELEASING = YES;
				CLANG_WARN_BOOL_CONVERSION = YES;
				CLANG_WARN_COMMA = YES;
				CLANG_WARN_CONSTANT_CONVERSION = YES;
				CLANG_WARN_DEPRECATED_OBJC_IMPLEMENTATIONS = YES;
				CLANG_WARN_DIRECT_OBJC_ISA_USAGE = YES_ERROR;
				CLANG_WARN_DOCUMENTATION_COMMENTS = YES;
				CLANG_WARN_EMPTY_BODY = YES;
				CLANG_WARN_ENUM_CONVERSION = YES;
				CLANG_WARN_INFINITE_RECURSION = YES;
				CLANG_WARN_INT_CONVERSION = YES;
				CLANG_WARN_NON_LITERAL_NULL_CONVERSION = YES;
				CLANG_WARN_OBJC_IMPLICIT_RETAIN_SELF = YES;
				CLANG_WARN_OBJC_LITERAL_CONVERSION = YES;
				CLANG_WARN_OBJC_ROOT_CLASS = YES_ERROR;
				CLANG_WARN_RANGE_LOOP_ANALYSIS = YES;
				CLANG_WARN_STRICT_PROTOTYPES = YES;
				CLANG_WARN_SUSPICIOUS_MOVE = YES;
				CLANG_WARN_UNGUARDED_AVAILABILITY = YES_AGGRESSIVE;
				CLANG_WARN_UNREACHABLE_CODE = YES;
				CLANG_WARN__DUPLICATE_METHOD_MATCH = YES;
				CODE_SIGN_IDENTITY = "iPhone Developer";
				COPY_PHASE_STRIP = NO;
				DEBUG_INFORMATION_FORMAT = "dwarf-with-dsym";
				ENABLE_NS_ASSERTIONS = NO;
				ENABLE_STRICT_OBJC_MSGSEND = YES;
				GCC_C_LANGUAGE_STANDARD = gnu11;
				GCC_NO_COMMON_BLOCKS = YES;
				GCC_WARN_64_TO_32_BIT_CONVERSION = YES;
				GCC_WARN_ABOUT_RETURN_TYPE = YES_ERROR;
				GCC_WARN_UNDECLARED_SELECTOR = YES;
				GCC_WARN_UNINITIALIZED_AUTOS = YES_AGGRESSIVE;
				GCC_WARN_UNUSED_FUNCTION = YES;
				GCC_WARN_UNUSED_VARIABLE = YES;
				IPHONEOS_DEPLOYMENT_TARGET = 11.4;
				MTL_ENABLE_DEBUG_INFO = NO;
				SDKROOT = iphoneos;
				SWIFT_COMPILATION_MODE = wholemodule;
				SWIFT_OPTIMIZATION_LEVEL = "-O";
				VALIDATE_PRODUCT = YES;
			};
			name = Release;
		};
		B893D941213F65B800355A2C /* Debug */ = {
			isa = XCBuildConfiguration;
			baseConfigurationReference = 8841290B035CCCE6852F0A2E /* Pods-Todo List.debug.xcconfig */;
			buildSettings = {
				ASSETCATALOG_COMPILER_APPICON_NAME = AppIcon;
				CODE_SIGN_STYLE = Automatic;
				INFOPLIST_FILE = "Todo List/Info.plist";
				IPHONEOS_DEPLOYMENT_TARGET = 9.0;
				LD_RUNPATH_SEARCH_PATHS = (
					"$(inherited)",
					"@executable_path/Frameworks",
				);
				PRODUCT_BUNDLE_IDENTIFIER = "vn.datnx.Todo-List";
				PRODUCT_NAME = "$(TARGET_NAME)";
				SWIFT_VERSION = 4.0;
				TARGETED_DEVICE_FAMILY = 1;
			};
			name = Debug;
		};
		B893D942213F65B800355A2C /* Release */ = {
			isa = XCBuildConfiguration;
			baseConfigurationReference = D46C78873FB682FDF346E97A /* Pods-Todo List.release.xcconfig */;
			buildSettings = {
				ASSETCATALOG_COMPILER_APPICON_NAME = AppIcon;
				CODE_SIGN_STYLE = Automatic;
				INFOPLIST_FILE = "Todo List/Info.plist";
				IPHONEOS_DEPLOYMENT_TARGET = 9.0;
				LD_RUNPATH_SEARCH_PATHS = (
					"$(inherited)",
					"@executable_path/Frameworks",
				);
				PRODUCT_BUNDLE_IDENTIFIER = "vn.datnx.Todo-List";
				PRODUCT_NAME = "$(TARGET_NAME)";
				SWIFT_VERSION = 4.0;
				TARGETED_DEVICE_FAMILY = 1;
			};
			name = Release;
		};
		B893D944213F65B800355A2C /* Debug */ = {
			isa = XCBuildConfiguration;
			baseConfigurationReference = 8610337C113D33A4BAB82096 /* Pods-Todo ListTests.debug.xcconfig */;
			buildSettings = {
				ALWAYS_EMBED_SWIFT_STANDARD_LIBRARIES = YES;
				BUNDLE_LOADER = "$(TEST_HOST)";
				CODE_SIGN_STYLE = Automatic;
				INFOPLIST_FILE = "Todo ListTests/Info.plist";
				LD_RUNPATH_SEARCH_PATHS = (
					"$(inherited)",
					"@executable_path/Frameworks",
					"@loader_path/Frameworks",
				);
				PRODUCT_BUNDLE_IDENTIFIER = "vn.datnx.Todo-ListTests";
				PRODUCT_NAME = "$(TARGET_NAME)";
				SWIFT_VERSION = 4.0;
				TARGETED_DEVICE_FAMILY = "1,2";
				TEST_HOST = "$(BUILT_PRODUCTS_DIR)/Todo List.app/Todo List";
			};
			name = Debug;
		};
		B893D945213F65B800355A2C /* Release */ = {
			isa = XCBuildConfiguration;
			baseConfigurationReference = E1E56470B2FC7263ABF4FA74 /* Pods-Todo ListTests.release.xcconfig */;
			buildSettings = {
				ALWAYS_EMBED_SWIFT_STANDARD_LIBRARIES = YES;
				BUNDLE_LOADER = "$(TEST_HOST)";
				CODE_SIGN_STYLE = Automatic;
				INFOPLIST_FILE = "Todo ListTests/Info.plist";
				LD_RUNPATH_SEARCH_PATHS = (
					"$(inherited)",
					"@executable_path/Frameworks",
					"@loader_path/Frameworks",
				);
				PRODUCT_BUNDLE_IDENTIFIER = "vn.datnx.Todo-ListTests";
				PRODUCT_NAME = "$(TARGET_NAME)";
				SWIFT_VERSION = 4.0;
				TARGETED_DEVICE_FAMILY = "1,2";
				TEST_HOST = "$(BUILT_PRODUCTS_DIR)/Todo List.app/Todo List";
			};
			name = Release;
		};
		B893D947213F65B800355A2C /* Debug */ = {
			isa = XCBuildConfiguration;
			baseConfigurationReference = 24C41E243D5891FEAC5FDB90 /* Pods-Todo ListUITests.debug.xcconfig */;
			buildSettings = {
				ALWAYS_EMBED_SWIFT_STANDARD_LIBRARIES = YES;
				CODE_SIGN_STYLE = Automatic;
				INFOPLIST_FILE = "Todo ListUITests/Info.plist";
				LD_RUNPATH_SEARCH_PATHS = (
					"$(inherited)",
					"@executable_path/Frameworks",
					"@loader_path/Frameworks",
				);
				PRODUCT_BUNDLE_IDENTIFIER = "vn.datnx.Todo-ListUITests";
				PRODUCT_NAME = "$(TARGET_NAME)";
				SWIFT_VERSION = 4.0;
				TARGETED_DEVICE_FAMILY = "1,2";
				TEST_TARGET_NAME = "Todo List";
			};
			name = Debug;
		};
		B893D948213F65B800355A2C /* Release */ = {
			isa = XCBuildConfiguration;
			baseConfigurationReference = 7C9278B98C3BF546F40CE59E /* Pods-Todo ListUITests.release.xcconfig */;
			buildSettings = {
				ALWAYS_EMBED_SWIFT_STANDARD_LIBRARIES = YES;
				CODE_SIGN_STYLE = Automatic;
				INFOPLIST_FILE = "Todo ListUITests/Info.plist";
				LD_RUNPATH_SEARCH_PATHS = (
					"$(inherited)",
					"@executable_path/Frameworks",
					"@loader_path/Frameworks",
				);
				PRODUCT_BUNDLE_IDENTIFIER = "vn.datnx.Todo-ListUITests";
				PRODUCT_NAME = "$(TARGET_NAME)";
				SWIFT_VERSION = 4.0;
				TARGETED_DEVICE_FAMILY = "1,2";
				TEST_TARGET_NAME = "Todo List";
			};
			name = Release;
		};
/* End XCBuildConfiguration section */

/* Begin XCConfigurationList section */
		B893D913213F65B600355A2C /* Build configuration list for PBXProject "Todo List" */ = {
			isa = XCConfigurationList;
			buildConfigurations = (
				B893D93E213F65B800355A2C /* Debug */,
				B893D93F213F65B800355A2C /* Release */,
			);
			defaultConfigurationIsVisible = 0;
			defaultConfigurationName = Release;
		};
		B893D940213F65B800355A2C /* Build configuration list for PBXNativeTarget "Todo List" */ = {
			isa = XCConfigurationList;
			buildConfigurations = (
				B893D941213F65B800355A2C /* Debug */,
				B893D942213F65B800355A2C /* Release */,
			);
			defaultConfigurationIsVisible = 0;
			defaultConfigurationName = Release;
		};
		B893D943213F65B800355A2C /* Build configuration list for PBXNativeTarget "Todo ListTests" */ = {
			isa = XCConfigurationList;
			buildConfigurations = (
				B893D944213F65B800355A2C /* Debug */,
				B893D945213F65B800355A2C /* Release */,
			);
			defaultConfigurationIsVisible = 0;
			defaultConfigurationName = Release;
		};
		B893D946213F65B800355A2C /* Build configuration list for PBXNativeTarget "Todo ListUITests" */ = {
			isa = XCConfigurationList;
			buildConfigurations = (
				B893D947213F65B800355A2C /* Debug */,
				B893D948213F65B800355A2C /* Release */,
			);
			defaultConfigurationIsVisible = 0;
			defaultConfigurationName = Release;
		};
/* End XCConfigurationList section */
	};
	rootObject = B893D910213F65B600355A2C /* Project object */;
}
