// !$*UTF8*$!
{
	archiveVersion = 1;
	classes = {
	};
	objectVersion = 50;
	objects = {

/* Begin PBXBuildFile section */
		B893D91C213F65B600355A2C /* AppDelegate.swift in Sources */ = {isa = PBXBuildFile; fileRef = B893D91B213F65B600355A2C /* AppDelegate.swift */; };
		B893D91E213F65B600355A2C /* ViewController.swift in Sources */ = {isa = PBXBuildFile; fileRef = B893D91D213F65B600355A2C /* ViewController.swift */; };
		B893D921213F65B600355A2C /* Main.storyboard in Resources */ = {isa = PBXBuildFile; fileRef = B893D91F213F65B600355A2C /* Main.storyboard */; };
		B893D923213F65B800355A2C /* Assets.xcassets in Resources */ = {isa = PBXBuildFile; fileRef = B893D922213F65B800355A2C /* Assets.xcassets */; };
		B893D926213F65B800355A2C /* LaunchScreen.storyboard in Resources */ = {isa = PBXBuildFile; fileRef = B893D924213F65B800355A2C /* LaunchScreen.storyboard */; };
		B893D931213F65B800355A2C /* Todo_ListTests.swift in Sources */ = {isa = PBXBuildFile; fileRef = B893D930213F65B800355A2C /* Todo_ListTests.swift */; };
		B893D93C213F65B800355A2C /* Todo_ListUITests.swift in Sources */ = {isa = PBXBuildFile; fileRef = B893D93B213F65B800355A2C /* Todo_ListUITests.swift */; };
/* End PBXBuildFile section */

/* Begin PBXContainerItemProxy section */
		B893D92D213F65B800355A2C /* PBXContainerItemProxy */ = {
			isa = PBXContainerItemProxy;
			containerPortal = B893D910213F65B600355A2C /* Project object */;
			proxyType = 1;
			remoteGlobalIDString = B893D917213F65B600355A2C;
			remoteInfo = "Todo List";
		};
		B893D938213F65B800355A2C /* PBXContainerItemProxy */ = {
			isa = PBXContainerItemProxy;
			containerPortal = B893D910213F65B600355A2C /* Project object */;
			proxyType = 1;
			remoteGlobalIDString = B893D917213F65B600355A2C;
			remoteInfo = "Todo List";
		};
/* End PBXContainerItemProxy section */

/* Begin PBXFileReference section */
		B893D918213F65B600355A2C /* Todo List.app */ = {isa = PBXFileReference; explicitFileType = wrapper.application; includeInIndex = 0; path = "Todo List.app"; sourceTree = BUILT_PRODUCTS_DIR; };
		B893D91B213F65B600355A2C /* AppDelegate.swift */ = {isa = PBXFileReference; lastKnownFileType = sourcecode.swift; path = AppDelegate.swift; sourceTree = "<group>"; };
		B893D91D213F65B600355A2C /* ViewController.swift */ = {isa = PBXFileReference; lastKnownFileType = sourcecode.swift; path = ViewController.swift; sourceTree = "<group>"; };
		B893D920213F65B600355A2C /* Base */ = {isa = PBXFileReference; lastKnownFileType = file.storyboard; name = Base; path = Base.lproj/Main.storyboard; sourceTree = "<group>"; };
		B893D922213F65B800355A2C /* Assets.xcassets */ = {isa = PBXFileReference; lastKnownFileType = folder.assetcatalog; path = Assets.xcassets; sourceTree = "<group>"; };
		B893D925213F65B800355A2C /* Base */ = {isa = PBXFileReference; lastKnownFileType = file.storyboard; name = Base; path = Base.lproj/LaunchScreen.storyboard; sourceTree = "<group>"; };
		B893D927213F65B800355A2C /* Info.plist */ = {isa = PBXFileReference; lastKnownFileType = text.plist.xml; path = Info.plist; sourceTree = "<group>"; };
		B893D92C213F65B800355A2C /* Todo ListTests.xctest */ = {isa = PBXFileReference; explicitFileType = wrapper.cfbundle; includeInIndex = 0; path = "Todo ListTests.xctest"; sourceTree = BUILT_PRODUCTS_DIR; };
		B893D930213F65B800355A2C /* Todo_ListTests.swift */ = {isa = PBXFileReference; lastKnownFileType = sourcecode.swift; path = Todo_ListTests.swift; sourceTree = "<group>"; };
		B893D932213F65B800355A2C /* Info.plist */ = {isa = PBXFileReference; lastKnownFileType = text.plist.xml; path = Info.plist; sourceTree = "<group>"; };
		B893D937213F65B800355A2C /* Todo ListUITests.xctest */ = {isa = PBXFileReference; explicitFileType = wrapper.cfbundle; includeInIndex = 0; path = "Todo ListUITests.xctest"; sourceTree = BUILT_PRODUCTS_DIR; };
		B893D93B213F65B800355A2C /* Todo_ListUITests.swift */ = {isa = PBXFileReference; lastKnownFileType = sourcecode.swift; path = Todo_ListUITests.swift; sourceTree = "<group>"; };
		B893D93D213F65B800355A2C /* Info.plist */ = {isa = PBXFileReference; lastKnownFileType = text.plist.xml; path = Info.plist; sourceTree = "<group>"; };
/* End PBXFileReference section */

/* Begin PBXFrameworksBuildPhase section */
		B893D915213F65B600355A2C /* Frameworks */ = {
			isa = PBXFrameworksBuildPhase;
			buildActionMask = 2147483647;
			files = (
			);
			runOnlyForDeploymentPostprocessing = 0;
		};
		B893D929213F65B800355A2C /* Frameworks */ = {
			isa = PBXFrameworksBuildPhase;
			buildActionMask = 2147483647;
			files = (
			);
			runOnlyForDeploymentPostprocessing = 0;
		};
		B893D934213F65B800355A2C /* Frameworks */ = {
			isa = PBXFrameworksBuildPhase;
			buildActionMask = 2147483647;
			files = (
			);
			runOnlyForDeploymentPostprocessing = 0;
		};
/* End PBXFrameworksBuildPhase section */

/* Begin PBXGroup section */
		B893D90F213F65B600355A2C = {
			isa = PBXGroup;
			children = (
				B893D91A213F65B600355A2C /* Todo List */,
				B893D92F213F65B800355A2C /* Todo ListTests */,
				B893D93A213F65B800355A2C /* Todo ListUITests */,
				B893D919213F65B600355A2C /* Products */,
			);
			sourceTree = "<group>";
		};
		B893D919213F65B600355A2C /* Products */ = {
			isa = PBXGroup;
			children = (
				B893D918213F65B600355A2C /* Todo List.app */,
				B893D92C213F65B800355A2C /* Todo ListTests.xctest */,
				B893D937213F65B800355A2C /* Todo ListUITests.xctest */,
			);
			name = Products;
			sourceTree = "<group>";
		};
		B893D91A213F65B600355A2C /* Todo List */ = {
			isa = PBXGroup;
			children = (
				B893D91B213F65B600355A2C /* AppDelegate.swift */,
				B893D91D213F65B600355A2C /* ViewController.swift */,
				B893D91F213F65B600355A2C /* Main.storyboard */,
				B893D922213F65B800355A2C /* Assets.xcassets */,
				B893D924213F65B800355A2C /* LaunchScreen.storyboard */,
				B893D927213F65B800355A2C /* Info.plist */,
			);
			path = "Todo List";
			sourceTree = "<group>";
		};
		B893D92F213F65B800355A2C /* Todo ListTests */ = {
			isa = PBXGroup;
			children = (
				B893D930213F65B800355A2C /* Todo_ListTests.swift */,
				B893D932213F65B800355A2C /* Info.plist */,
			);
			path = "Todo ListTests";
			sourceTree = "<group>";
		};
		B893D93A213F65B800355A2C /* Todo ListUITests */ = {
			isa = PBXGroup;
			children = (
				B893D93B213F65B800355A2C /* Todo_ListUITests.swift */,
				B893D93D213F65B800355A2C /* Info.plist */,
			);
			path = "Todo ListUITests";
			sourceTree = "<group>";
		};
/* End PBXGroup section */

/* Begin PBXNativeTarget section */
		B893D917213F65B600355A2C /* Todo List */ = {
			isa = PBXNativeTarget;
			buildConfigurationList = B893D940213F65B800355A2C /* Build configuration list for PBXNativeTarget "Todo List" */;
			buildPhases = (
				B893D914213F65B600355A2C /* Sources */,
				B893D915213F65B600355A2C /* Frameworks */,
				B893D916213F65B600355A2C /* Resources */,
			);
			buildRules = (
			);
			dependencies = (
			);
			name = "Todo List";
			productName = "Todo List";
			productReference = B893D918213F65B600355A2C /* Todo List.app */;
			productType = "com.apple.product-type.application";
		};
		B893D92B213F65B800355A2C /* Todo ListTests */ = {
			isa = PBXNativeTarget;
			buildConfigurationList = B893D943213F65B800355A2C /* Build configuration list for PBXNativeTarget "Todo ListTests" */;
			buildPhases = (
				B893D928213F65B800355A2C /* Sources */,
				B893D929213F65B800355A2C /* Frameworks */,
				B893D92A213F65B800355A2C /* Resources */,
			);
			buildRules = (
			);
			dependencies = (
				B893D92E213F65B800355A2C /* PBXTargetDependency */,
			);
			name = "Todo ListTests";
			productName = "Todo ListTests";
			productReference = B893D92C213F65B800355A2C /* Todo ListTests.xctest */;
			productType = "com.apple.product-type.bundle.unit-test";
		};
		B893D936213F65B800355A2C /* Todo ListUITests */ = {
			isa = PBXNativeTarget;
			buildConfigurationList = B893D946213F65B800355A2C /* Build configuration list for PBXNativeTarget "Todo ListUITests" */;
			buildPhases = (
				B893D933213F65B800355A2C /* Sources */,
				B893D934213F65B800355A2C /* Frameworks */,
				B893D935213F65B800355A2C /* Resources */,
			);
			buildRules = (
			);
			dependencies = (
				B893D939213F65B800355A2C /* PBXTargetDependency */,
			);
			name = "Todo ListUITests";
			productName = "Todo ListUITests";
			productReference = B893D937213F65B800355A2C /* Todo ListUITests.xctest */;
			productType = "com.apple.product-type.bundle.ui-testing";
		};
/* End PBXNativeTarget section */

/* Begin PBXProject section */
		B893D910213F65B600355A2C /* Project object */ = {
			isa = PBXProject;
			attributes = {
				LastSwiftUpdateCheck = 0940;
				LastUpgradeCheck = 0940;
				ORGANIZATIONNAME = "Dat Nguyen";
				TargetAttributes = {
					B893D917213F65B600355A2C = {
						CreatedOnToolsVersion = 9.4.1;
					};
					B893D92B213F65B800355A2C = {
						CreatedOnToolsVersion = 9.4.1;
						TestTargetID = B893D917213F65B600355A2C;
					};
					B893D936213F65B800355A2C = {
						CreatedOnToolsVersion = 9.4.1;
						TestTargetID = B893D917213F65B600355A2C;
					};
				};
			};
			buildConfigurationList = B893D913213F65B600355A2C /* Build configuration list for PBXProject "Todo List" */;
			compatibilityVersion = "Xcode 9.3";
			developmentRegion = en;
			hasScannedForEncodings = 0;
			knownRegions = (
				en,
				Base,
			);
			mainGroup = B893D90F213F65B600355A2C;
			productRefGroup = B893D919213F65B600355A2C /* Products */;
			projectDirPath = "";
			projectRoot = "";
			targets = (
				B893D917213F65B600355A2C /* Todo List */,
				B893D92B213F65B800355A2C /* Todo ListTests */,
				B893D936213F65B800355A2C /* Todo ListUITests */,
			);
		};
/* End PBXProject section */

/* Begin PBXResourcesBuildPhase section */
		B893D916213F65B600355A2C /* Resources */ = {
			isa = PBXResourcesBuildPhase;
			buildActionMask = 2147483647;
			files = (
				B893D926213F65B800355A2C /* LaunchScreen.storyboard in Resources */,
				B893D923213F65B800355A2C /* Assets.xcassets in Resources */,
				B893D921213F65B600355A2C /* Main.storyboard in Resources */,
			);
			runOnlyForDeploymentPostprocessing = 0;
		};
		B893D92A213F65B800355A2C /* Resources */ = {
			isa = PBXResourcesBuildPhase;
			buildActionMask = 2147483647;
			files = (
			);
			runOnlyForDeploymentPostprocessing = 0;
		};
		B893D935213F65B800355A2C /* Resources */ = {
			isa = PBXResourcesBuildPhase;
			buildActionMask = 2147483647;
			files = (
			);
			runOnlyForDeploymentPostprocessing = 0;
		};
/* End PBXResourcesBuildPhase section */

/* Begin PBXSourcesBuildPhase section */
		B893D914213F65B600355A2C /* Sources */ = {
			isa = PBXSourcesBuildPhase;
			buildActionMask = 2147483647;
			files = (
				B893D91E213F65B600355A2C /* ViewController.swift in Sources */,
				B893D91C213F65B600355A2C /* AppDelegate.swift in Sources */,
			);
			runOnlyForDeploymentPostprocessing = 0;
		};
		B893D928213F65B800355A2C /* Sources */ = {
			isa = PBXSourcesBuildPhase;
			buildActionMask = 2147483647;
			files = (
				B893D931213F65B800355A2C /* Todo_ListTests.swift in Sources */,
			);
			runOnlyForDeploymentPostprocessing = 0;
		};
		B893D933213F65B800355A2C /* Sources */ = {
			isa = PBXSourcesBuildPhase;
			buildActionMask = 2147483647;
			files = (
				B893D93C213F65B800355A2C /* Todo_ListUITests.swift in Sources */,
			);
			runOnlyForDeploymentPostprocessing = 0;
		};
/* End PBXSourcesBuildPhase section */

/* Begin PBXTargetDependency section */
		B893D92E213F65B800355A2C /* PBXTargetDependency */ = {
			isa = PBXTargetDependency;
			target = B893D917213F65B600355A2C /* Todo List */;
			targetProxy = B893D92D213F65B800355A2C /* PBXContainerItemProxy */;
		};
		B893D939213F65B800355A2C /* PBXTargetDependency */ = {
			isa = PBXTargetDependency;
			target = B893D917213F65B600355A2C /* Todo List */;
			targetProxy = B893D938213F65B800355A2C /* PBXContainerItemProxy */;
		};
/* End PBXTargetDependency section */

/* Begin PBXVariantGroup section */
		B893D91F213F65B600355A2C /* Main.storyboard */ = {
			isa = PBXVariantGroup;
			children = (
				B893D920213F65B600355A2C /* Base */,
			);
			name = Main.storyboard;
			sourceTree = "<group>";
		};
		B893D924213F65B800355A2C /* LaunchScreen.storyboard */ = {
			isa = PBXVariantGroup;
			children = (
				B893D925213F65B800355A2C /* Base */,
			);
			name = LaunchScreen.storyboard;
			sourceTree = "<group>";
		};
/* End PBXVariantGroup section */

/* Begin XCBuildConfiguration section */
		B893D93E213F65B800355A2C /* Debug */ = {
			isa = XCBuildConfiguration;
			buildSettings = {
				ALWAYS_SEARCH_USER_PATHS = NO;
				CLANG_ANALYZER_NONNULL = YES;
				CLANG_ANALYZER_NUMBER_OBJECT_CONVERSION = YES_AGGRESSIVE;
				CLANG_CXX_LANGUAGE_STANDARD = "gnu++14";
				CLANG_CXX_LIBRARY = "libc++";
				CLANG_ENABLE_MODULES = YES;
				CLANG_ENABLE_OBJC_ARC = YES;
				CLANG_ENABLE_OBJC_WEAK = YES;
				CLANG_WARN_BLOCK_CAPTURE_AUTORELEASING = YES;
				CLANG_WARN_BOOL_CONVERSION = YES;
				CLANG_WARN_COMMA = YES;
				CLANG_WARN_CONSTANT_CONVERSION = YES;
				CLANG_WARN_DEPRECATED_OBJC_IMPLEMENTATIONS = YES;
				CLANG_WARN_DIRECT_OBJC_ISA_USAGE = YES_ERROR;
				CLANG_WARN_DOCUMENTATION_COMMENTS = YES;
				CLANG_WARN_EMPTY_BODY = YES;
				CLANG_WARN_ENUM_CONVERSION = YES;
				CLANG_WARN_INFINITE_RECURSION = YES;
				CLANG_WARN_INT_CONVERSION = YES;
				CLANG_WARN_NON_LITERAL_NULL_CONVERSION = YES;
				CLANG_WARN_OBJC_IMPLICIT_RETAIN_SELF = YES;
				CLANG_WARN_OBJC_LITERAL_CONVERSION = YES;
				CLANG_WARN_OBJC_ROOT_CLASS = YES_ERROR;
				CLANG_WARN_RANGE_LOOP_ANALYSIS = YES;
				CLANG_WARN_STRICT_PROTOTYPES = YES;
				CLANG_WARN_SUSPICIOUS_MOVE = YES;
				CLANG_WARN_UNGUARDED_AVAILABILITY = YES_AGGRESSIVE;
				CLANG_WARN_UNREACHABLE_CODE = YES;
				CLANG_WARN__DUPLICATE_METHOD_MATCH = YES;
				CODE_SIGN_IDENTITY = "iPhone Developer";
				COPY_PHASE_STRIP = NO;
				DEBUG_INFORMATION_FORMAT = dwarf;
				ENABLE_STRICT_OBJC_MSGSEND = YES;
				ENABLE_TESTABILITY = YES;
				GCC_C_LANGUAGE_STANDARD = gnu11;
				GCC_DYNAMIC_NO_PIC = NO;
				GCC_NO_COMMON_BLOCKS = YES;
				GCC_OPTIMIZATION_LEVEL = 0;
				GCC_PREPROCESSOR_DEFINITIONS = (
					"DEBUG=1",
					"$(inherited)",
				);
				GCC_WARN_64_TO_32_BIT_CONVERSION = YES;
				GCC_WARN_ABOUT_RETURN_TYPE = YES_ERROR;
				GCC_WARN_UNDECLARED_SELECTOR = YES;
				GCC_WARN_UNINITIALIZED_AUTOS = YES_AGGRESSIVE;
				GCC_WARN_UNUSED_FUNCTION = YES;
				GCC_WARN_UNUSED_VARIABLE = YES;
				IPHONEOS_DEPLOYMENT_TARGET = 11.4;
				MTL_ENABLE_DEBUG_INFO = YES;
				ONLY_ACTIVE_ARCH = YES;
				SDKROOT = iphoneos;
				SWIFT_ACTIVE_COMPILATION_CONDITIONS = DEBUG;
				SWIFT_OPTIMIZATION_LEVEL = "-Onone";
			};
			name = Debug;
		};
		B893D93F213F65B800355A2C /* Release */ = {
			isa = XCBuildConfiguration;
			buildSettings = {
				ALWAYS_SEARCH_USER_PATHS = NO;
				CLANG_ANALYZER_NONNULL = YES;
				CLANG_ANALYZER_NUMBER_OBJECT_CONVERSION = YES_AGGRESSIVE;
				CLANG_CXX_LANGUAGE_STANDARD = "gnu++14";
				CLANG_CXX_LIBRARY = "libc++";
				CLANG_ENABLE_MODULES = YES;
				CLANG_ENABLE_OBJC_ARC = YES;
				CLANG_ENABLE_OBJC_WEAK = YES;
				CLANG_WARN_BLOCK_CAPTURE_AUTORELEASING = YES;
				CLANG_WARN_BOOL_CONVERSION = YES;
				CLANG_WARN_COMMA = YES;
				CLANG_WARN_CONSTANT_CONVERSION = YES;
				CLANG_WARN_DEPRECATED_OBJC_IMPLEMENTATIONS = YES;
				CLANG_WARN_DIRECT_OBJC_ISA_USAGE = YES_ERROR;
				CLANG_WARN_DOCUMENTATION_COMMENTS = YES;
				CLANG_WARN_EMPTY_BODY = YES;
				CLANG_WARN_ENUM_CONVERSION = YES;
				CLANG_WARN_INFINITE_RECURSION = YES;
				CLANG_WARN_INT_CONVERSION = YES;
				CLANG_WARN_NON_LITERAL_NULL_CONVERSION = YES;
				CLANG_WARN_OBJC_IMPLICIT_RETAIN_SELF = YES;
				CLANG_WARN_OBJC_LITERAL_CONVERSION = YES;
				CLANG_WARN_OBJC_ROOT_CLASS = YES_ERROR;
				CLANG_WARN_RANGE_LOOP_ANALYSIS = YES;
				CLANG_WARN_STRICT_PROTOTYPES = YES;
				CLANG_WARN_SUSPICIOUS_MOVE = YES;
				CLANG_WARN_UNGUARDED_AVAILABILITY = YES_AGGRESSIVE;
				CLANG_WARN_UNREACHABLE_CODE = YES;
				CLANG_WARN__DUPLICATE_METHOD_MATCH = YES;
				CODE_SIGN_IDENTITY = "iPhone Developer";
				COPY_PHASE_STRIP = NO;
				DEBUG_INFORMATION_FORMAT = "dwarf-with-dsym";
				ENABLE_NS_ASSERTIONS = NO;
				ENABLE_STRICT_OBJC_MSGSEND = YES;
				GCC_C_LANGUAGE_STANDARD = gnu11;
				GCC_NO_COMMON_BLOCKS = YES;
				GCC_WARN_64_TO_32_BIT_CONVERSION = YES;
				GCC_WARN_ABOUT_RETURN_TYPE = YES_ERROR;
				GCC_WARN_UNDECLARED_SELECTOR = YES;
				GCC_WARN_UNINITIALIZED_AUTOS = YES_AGGRESSIVE;
				GCC_WARN_UNUSED_FUNCTION = YES;
				GCC_WARN_UNUSED_VARIABLE = YES;
				IPHONEOS_DEPLOYMENT_TARGET = 11.4;
				MTL_ENABLE_DEBUG_INFO = NO;
				SDKROOT = iphoneos;
				SWIFT_COMPILATION_MODE = wholemodule;
				SWIFT_OPTIMIZATION_LEVEL = "-O";
				VALIDATE_PRODUCT = YES;
			};
			name = Release;
		};
		B893D941213F65B800355A2C /* Debug */ = {
			isa = XCBuildConfiguration;
			buildSettings = {
				ASSETCATALOG_COMPILER_APPICON_NAME = AppIcon;
				CODE_SIGN_STYLE = Automatic;
				INFOPLIST_FILE = "Todo List/Info.plist";
				LD_RUNPATH_SEARCH_PATHS = (
					"$(inherited)",
					"@executable_path/Frameworks",
				);
				PRODUCT_BUNDLE_IDENTIFIER = "vn.datnx.Todo-List";
				PRODUCT_NAME = "$(TARGET_NAME)";
				SWIFT_VERSION = 4.0;
				TARGETED_DEVICE_FAMILY = "1,2";
			};
			name = Debug;
		};
		B893D942213F65B800355A2C /* Release */ = {
			isa = XCBuildConfiguration;
			buildSettings = {
				ASSETCATALOG_COMPILER_APPICON_NAME = AppIcon;
				CODE_SIGN_STYLE = Automatic;
				INFOPLIST_FILE = "Todo List/Info.plist";
				LD_RUNPATH_SEARCH_PATHS = (
					"$(inherited)",
					"@executable_path/Frameworks",
				);
				PRODUCT_BUNDLE_IDENTIFIER = "vn.datnx.Todo-List";
				PRODUCT_NAME = "$(TARGET_NAME)";
				SWIFT_VERSION = 4.0;
				TARGETED_DEVICE_FAMILY = "1,2";
			};
			name = Release;
		};
		B893D944213F65B800355A2C /* Debug */ = {
			isa = XCBuildConfiguration;
			buildSettings = {
				ALWAYS_EMBED_SWIFT_STANDARD_LIBRARIES = YES;
				BUNDLE_LOADER = "$(TEST_HOST)";
				CODE_SIGN_STYLE = Automatic;
				INFOPLIST_FILE = "Todo ListTests/Info.plist";
				LD_RUNPATH_SEARCH_PATHS = (
					"$(inherited)",
					"@executable_path/Frameworks",
					"@loader_path/Frameworks",
				);
				PRODUCT_BUNDLE_IDENTIFIER = "vn.datnx.Todo-ListTests";
				PRODUCT_NAME = "$(TARGET_NAME)";
				SWIFT_VERSION = 4.0;
				TARGETED_DEVICE_FAMILY = "1,2";
				TEST_HOST = "$(BUILT_PRODUCTS_DIR)/Todo List.app/Todo List";
			};
			name = Debug;
		};
		B893D945213F65B800355A2C /* Release */ = {
			isa = XCBuildConfiguration;
			buildSettings = {
				ALWAYS_EMBED_SWIFT_STANDARD_LIBRARIES = YES;
				BUNDLE_LOADER = "$(TEST_HOST)";
				CODE_SIGN_STYLE = Automatic;
				INFOPLIST_FILE = "Todo ListTests/Info.plist";
				LD_RUNPATH_SEARCH_PATHS = (
					"$(inherited)",
					"@executable_path/Frameworks",
					"@loader_path/Frameworks",
				);
				PRODUCT_BUNDLE_IDENTIFIER = "vn.datnx.Todo-ListTests";
				PRODUCT_NAME = "$(TARGET_NAME)";
				SWIFT_VERSION = 4.0;
				TARGETED_DEVICE_FAMILY = "1,2";
				TEST_HOST = "$(BUILT_PRODUCTS_DIR)/Todo List.app/Todo List";
			};
			name = Release;
		};
		B893D947213F65B800355A2C /* Debug */ = {
			isa = XCBuildConfiguration;
			buildSettings = {
				ALWAYS_EMBED_SWIFT_STANDARD_LIBRARIES = YES;
				CODE_SIGN_STYLE = Automatic;
				INFOPLIST_FILE = "Todo ListUITests/Info.plist";
				LD_RUNPATH_SEARCH_PATHS = (
					"$(inherited)",
					"@executable_path/Frameworks",
					"@loader_path/Frameworks",
				);
				PRODUCT_BUNDLE_IDENTIFIER = "vn.datnx.Todo-ListUITests";
				PRODUCT_NAME = "$(TARGET_NAME)";
				SWIFT_VERSION = 4.0;
				TARGETED_DEVICE_FAMILY = "1,2";
				TEST_TARGET_NAME = "Todo List";
			};
			name = Debug;
		};
		B893D948213F65B800355A2C /* Release */ = {
			isa = XCBuildConfiguration;
			buildSettings = {
				ALWAYS_EMBED_SWIFT_STANDARD_LIBRARIES = YES;
				CODE_SIGN_STYLE = Automatic;
				INFOPLIST_FILE = "Todo ListUITests/Info.plist";
				LD_RUNPATH_SEARCH_PATHS = (
					"$(inherited)",
					"@executable_path/Frameworks",
					"@loader_path/Frameworks",
				);
				PRODUCT_BUNDLE_IDENTIFIER = "vn.datnx.Todo-ListUITests";
				PRODUCT_NAME = "$(TARGET_NAME)";
				SWIFT_VERSION = 4.0;
				TARGETED_DEVICE_FAMILY = "1,2";
				TEST_TARGET_NAME = "Todo List";
			};
			name = Release;
		};
/* End XCBuildConfiguration section */

/* Begin XCConfigurationList section */
		B893D913213F65B600355A2C /* Build configuration list for PBXProject "Todo List" */ = {
			isa = XCConfigurationList;
			buildConfigurations = (
				B893D93E213F65B800355A2C /* Debug */,
				B893D93F213F65B800355A2C /* Release */,
			);
			defaultConfigurationIsVisible = 0;
			defaultConfigurationName = Release;
		};
		B893D940213F65B800355A2C /* Build configuration list for PBXNativeTarget "Todo List" */ = {
			isa = XCConfigurationList;
			buildConfigurations = (
				B893D941213F65B800355A2C /* Debug */,
				B893D942213F65B800355A2C /* Release */,
			);
			defaultConfigurationIsVisible = 0;
			defaultConfigurationName = Release;
		};
		B893D943213F65B800355A2C /* Build configuration list for PBXNativeTarget "Todo ListTests" */ = {
			isa = XCConfigurationList;
			buildConfigurations = (
				B893D944213F65B800355A2C /* Debug */,
				B893D945213F65B800355A2C /* Release */,
			);
			defaultConfigurationIsVisible = 0;
			defaultConfigurationName = Release;
		};
		B893D946213F65B800355A2C /* Build configuration list for PBXNativeTarget "Todo ListUITests" */ = {
			isa = XCConfigurationList;
			buildConfigurations = (
				B893D947213F65B800355A2C /* Debug */,
				B893D948213F65B800355A2C /* Release */,
			);
			defaultConfigurationIsVisible = 0;
			defaultConfigurationName = Release;
		};
/* End XCConfigurationList section */
	};
	rootObject = B893D910213F65B600355A2C /* Project object */;
}
